
Microsoft Visual Studio Solution File, Format Version 12.00
# Visual Studio 15
VisualStudioVersion = 15.0.27703.2000
MinimumVisualStudioVersion = 10.0.40219.1
Project("{FAE04EC0-301F-11D3-BF4B-00C04F79EFBC}") = "Atelier_5", "Atelier_5\Atelier_5.csproj", "{670B9BD5-E0E9-4FAB-B418-1991BD6363BD}"
EndProject
Global
	GlobalSection(SolutionConfigurationPlatforms) = preSolution
		Debug|Any CPU = Debug|Any CPU
		Release|Any CPU = Release|Any CPU
	EndGlobalSection
	GlobalSection(ProjectConfigurationPlatforms) = postSolution
		{670B9BD5-E0E9-4FAB-B418-1991BD6363BD}.Debug|Any CPU.ActiveCfg = Debug|Any CPU
		{670B9BD5-E0E9-4FAB-B418-1991BD6363BD}.Debug|Any CPU.Build.0 = Debug|Any CPU
		{670B9BD5-E0E9-4FAB-B418-1991BD6363BD}.Release|Any CPU.ActiveCfg = Release|Any CPU
		{670B9BD5-E0E9-4FAB-B418-1991BD6363BD}.Release|Any CPU.Build.0 = Release|Any CPU
	EndGlobalSection
	GlobalSection(SolutionProperties) = preSolution
		HideSolutionNode = FALSE
	EndGlobalSection
	GlobalSection(ExtensibilityGlobals) = postSolution
		SolutionGuid = {63630D35-547E-4C6A-BE42-00842FEC63C2}
	EndGlobalSection
EndGlobal
