
Microsoft Visual Studio Solution File, Format Version 12.00
# Visual Studio 15
VisualStudioVersion = 15.0.27703.2018
MinimumVisualStudioVersion = 10.0.40219.1
Project("{FAE04EC0-301F-11D3-BF4B-00C04F79EFBC}") = "HelloWorld2", "HelloWorld2\HelloWorld2.csproj", "{886C4D77-5E54-4884-8CA9-86A43309597B}"
EndProject
Global
	GlobalSection(SolutionConfigurationPlatforms) = preSolution
		Debug|Any CPU = Debug|Any CPU
		Release|Any CPU = Release|Any CPU
	EndGlobalSection
	GlobalSection(ProjectConfigurationPlatforms) = postSolution
		{886C4D77-5E54-4884-8CA9-86A43309597B}.Debug|Any CPU.ActiveCfg = Debug|Any CPU
		{886C4D77-5E54-4884-8CA9-86A43309597B}.Debug|Any CPU.Build.0 = Debug|Any CPU
		{886C4D77-5E54-4884-8CA9-86A43309597B}.Release|Any CPU.ActiveCfg = Release|Any CPU
		{886C4D77-5E54-4884-8CA9-86A43309597B}.Release|Any CPU.Build.0 = Release|Any CPU
	EndGlobalSection
	GlobalSection(SolutionProperties) = preSolution
		HideSolutionNode = FALSE
	EndGlobalSection
	GlobalSection(ExtensibilityGlobals) = postSolution
		SolutionGuid = {46EA1911-45C2-4C23-8DD7-AE574B0B3853}
	EndGlobalSection
EndGlobal
