
Microsoft Visual Studio Solution File, Format Version 12.00
# Visual Studio 15
VisualStudioVersion = 15.0.27703.2000
MinimumVisualStudioVersion = 10.0.40219.1
Project("{FAE04EC0-301F-11D3-BF4B-00C04F79EFBC}") = "Atelier_3", "Atelier_3\Atelier_3.csproj", "{3E2D61AF-FED2-4BCC-A52B-DE065EA7D3D2}"
EndProject
Global
	GlobalSection(SolutionConfigurationPlatforms) = preSolution
		Debug|Any CPU = Debug|Any CPU
		Release|Any CPU = Release|Any CPU
	EndGlobalSection
	GlobalSection(ProjectConfigurationPlatforms) = postSolution
		{3E2D61AF-FED2-4BCC-A52B-DE065EA7D3D2}.Debug|Any CPU.ActiveCfg = Debug|Any CPU
		{3E2D61AF-FED2-4BCC-A52B-DE065EA7D3D2}.Debug|Any CPU.Build.0 = Debug|Any CPU
		{3E2D61AF-FED2-4BCC-A52B-DE065EA7D3D2}.Release|Any CPU.ActiveCfg = Release|Any CPU
		{3E2D61AF-FED2-4BCC-A52B-DE065EA7D3D2}.Release|Any CPU.Build.0 = Release|Any CPU
	EndGlobalSection
	GlobalSection(SolutionProperties) = preSolution
		HideSolutionNode = FALSE
	EndGlobalSection
	GlobalSection(ExtensibilityGlobals) = postSolution
		SolutionGuid = {EBB65BAA-C127-4ECA-9F32-679A58D3DD8A}
	EndGlobalSection
EndGlobal
