
Microsoft Visual Studio Solution File, Format Version 12.00
# Visual Studio 15
VisualStudioVersion = 15.0.27703.2018
MinimumVisualStudioVersion = 10.0.40219.1
Project("{FAE04EC0-301F-11D3-BF4B-00C04F79EFBC}") = "ClassesDemo", "ClassesDemo\ClassesDemo.csproj", "{BEB9F8B3-6C30-4F36-A8F5-C3BD87D18F66}"
EndProject
Global
	GlobalSection(SolutionConfigurationPlatforms) = preSolution
		Debug|Any CPU = Debug|Any CPU
		Release|Any CPU = Release|Any CPU
	EndGlobalSection
	GlobalSection(ProjectConfigurationPlatforms) = postSolution
		{BEB9F8B3-6C30-4F36-A8F5-C3BD87D18F66}.Debug|Any CPU.ActiveCfg = Debug|Any CPU
		{BEB9F8B3-6C30-4F36-A8F5-C3BD87D18F66}.Debug|Any CPU.Build.0 = Debug|Any CPU
		{BEB9F8B3-6C30-4F36-A8F5-C3BD87D18F66}.Release|Any CPU.ActiveCfg = Release|Any CPU
		{BEB9F8B3-6C30-4F36-A8F5-C3BD87D18F66}.Release|Any CPU.Build.0 = Release|Any CPU
	EndGlobalSection
	GlobalSection(SolutionProperties) = preSolution
		HideSolutionNode = FALSE
	EndGlobalSection
	GlobalSection(ExtensibilityGlobals) = postSolution
		SolutionGuid = {FE652A03-75DB-4396-B156-82153E21F3F8}
	EndGlobalSection
EndGlobal
